
Microsoft Visual Studio Solution File, Format Version 12.00
# Visual Studio Version 17
VisualStudioVersion = 17.0.31903.59
MinimumVisualStudioVersion = 10.0.40219.1
Project("{2150E333-8FDC-42A3-9474-1A3956D46DE8}") = "backend", "backend", "{1AE8ACA6-933B-BF2A-3671-3E2EAC007D16}"
EndProject
Project("{FAE04EC0-301F-11D3-BF4B-00C04F79EFBC}") = "AuditTrailPoc.Api", "backend\AuditTrailPoc.Api.csproj", "{F7CC3DA3-0415-462A-AA67-53ABC75AEB28}"
EndProject
Project("{FAE04EC0-301F-11D3-BF4B-00C04F79EFBC}") = "AuditTrailPoc.Tests", "backend.Tests\AuditTrailPoc.Tests.csproj", "{8819A066-CE58-46F9-9DAD-866F3537ED44}"
EndProject
Global
	GlobalSection(SolutionConfigurationPlatforms) = preSolution
		Debug|Any CPU = Debug|Any CPU
		Debug|x64 = Debug|x64
		Debug|x86 = Debug|x86
		Release|Any CPU = Release|Any CPU
		Release|x64 = Release|x64
		Release|x86 = Release|x86
	EndGlobalSection
	GlobalSection(ProjectConfigurationPlatforms) = postSolution
		{F7CC3DA3-0415-462A-AA67-53ABC75AEB28}.Debug|Any CPU.ActiveCfg = Debug|Any CPU
		{F7CC3DA3-0415-462A-AA67-53ABC75AEB28}.Debug|Any CPU.Build.0 = Debug|Any CPU
		{F7CC3DA3-0415-462A-AA67-53ABC75AEB28}.Debug|x64.ActiveCfg = Debug|Any CPU
		{F7CC3DA3-0415-462A-AA67-53ABC75AEB28}.Debug|x64.Build.0 = Debug|Any CPU
		{F7CC3DA3-0415-462A-AA67-53ABC75AEB28}.Debug|x86.ActiveCfg = Debug|Any CPU
		{F7CC3DA3-0415-462A-AA67-53ABC75AEB28}.Debug|x86.Build.0 = Debug|Any CPU
		{F7CC3DA3-0415-462A-AA67-53ABC75AEB28}.Release|Any CPU.ActiveCfg = Release|Any CPU
		{F7CC3DA3-0415-462A-AA67-53ABC75AEB28}.Release|Any CPU.Build.0 = Release|Any CPU
		{F7CC3DA3-0415-462A-AA67-53ABC75AEB28}.Release|x64.ActiveCfg = Release|Any CPU
		{F7CC3DA3-0415-462A-AA67-53ABC75AEB28}.Release|x64.Build.0 = Release|Any CPU
		{F7CC3DA3-0415-462A-AA67-53ABC75AEB28}.Release|x86.ActiveCfg = Release|Any CPU
		{F7CC3DA3-0415-462A-AA67-53ABC75AEB28}.Release|x86.Build.0 = Release|Any CPU
		{8819A066-CE58-46F9-9DAD-866F3537ED44}.Debug|Any CPU.ActiveCfg = Debug|Any CPU
		{8819A066-CE58-46F9-9DAD-866F3537ED44}.Debug|Any CPU.Build.0 = Debug|Any CPU
		{8819A066-CE58-46F9-9DAD-866F3537ED44}.Debug|x64.ActiveCfg = Debug|Any CPU
		{8819A066-CE58-46F9-9DAD-866F3537ED44}.Debug|x64.Build.0 = Debug|Any CPU
		{8819A066-CE58-46F9-9DAD-866F3537ED44}.Debug|x86.ActiveCfg = Debug|Any CPU
		{8819A066-CE58-46F9-9DAD-866F3537ED44}.Debug|x86.Build.0 = Debug|Any CPU
		{8819A066-CE58-46F9-9DAD-866F3537ED44}.Release|Any CPU.ActiveCfg = Release|Any CPU
		{8819A066-CE58-46F9-9DAD-866F3537ED44}.Release|Any CPU.Build.0 = Release|Any CPU
		{8819A066-CE58-46F9-9DAD-866F3537ED44}.Release|x64.ActiveCfg = Release|Any CPU
		{8819A066-CE58-46F9-9DAD-866F3537ED44}.Release|x64.Build.0 = Release|Any CPU
		{8819A066-CE58-46F9-9DAD-866F3537ED44}.Release|x86.ActiveCfg = Release|Any CPU
		{8819A066-CE58-46F9-9DAD-866F3537ED44}.Release|x86.Build.0 = Release|Any CPU
	EndGlobalSection
	GlobalSection(SolutionProperties) = preSolution
		HideSolutionNode = FALSE
	EndGlobalSection
	GlobalSection(NestedProjects) = preSolution
		{F7CC3DA3-0415-462A-AA67-53ABC75AEB28} = {1AE8ACA6-933B-BF2A-3671-3E2EAC007D16}
		{8819A066-CE58-46F9-9DAD-866F3537ED44} = {1AE8ACA6-933B-BF2A-3671-3E2EAC007D16}
	EndGlobalSection
EndGlobal
